
Microsoft Visual Studio Solution File, Format Version 12.00
# Visual Studio 15
VisualStudioVersion = 15.0.27703.2042
MinimumVisualStudioVersion = 10.0.40219.1
Project("{FAE04EC0-301F-11D3-BF4B-00C04F79EFBC}") = "Lands.Android", "Lands\Lands.Android\Lands.Android.csproj", "{48E00026-FCBF-46BE-983A-505E594B0E27}"
EndProject
Project("{FAE04EC0-301F-11D3-BF4B-00C04F79EFBC}") = "Lands.iOS", "Lands\Lands.iOS\Lands.iOS.csproj", "{BD4AB758-75AF-4AFC-83C5-082C60DEC2EF}"
EndProject
Project("{FAE04EC0-301F-11D3-BF4B-00C04F79EFBC}") = "Lands", "Lands\Lands\Lands.csproj", "{A8616392-2341-47FF-88A3-35D1DC5A805C}"
EndProject
Global
	GlobalSection(SolutionConfigurationPlatforms) = preSolution
		Ad-Hoc|Any CPU = Ad-Hoc|Any CPU
		Ad-Hoc|iPhone = Ad-Hoc|iPhone
		Ad-Hoc|iPhoneSimulator = Ad-Hoc|iPhoneSimulator
		AppStore|Any CPU = AppStore|Any CPU
		AppStore|iPhone = AppStore|iPhone
		AppStore|iPhoneSimulator = AppStore|iPhoneSimulator
		Debug|Any CPU = Debug|Any CPU
		Debug|iPhone = Debug|iPhone
		Debug|iPhoneSimulator = Debug|iPhoneSimulator
		Release|Any CPU = Release|Any CPU
		Release|iPhone = Release|iPhone
		Release|iPhoneSimulator = Release|iPhoneSimulator
	EndGlobalSection
	GlobalSection(ProjectConfigurationPlatforms) = postSolution
		{48E00026-FCBF-46BE-983A-505E594B0E27}.Ad-Hoc|Any CPU.ActiveCfg = Release|Any CPU
		{48E00026-FCBF-46BE-983A-505E594B0E27}.Ad-Hoc|Any CPU.Build.0 = Release|Any CPU
		{48E00026-FCBF-46BE-983A-505E594B0E27}.Ad-Hoc|Any CPU.Deploy.0 = Release|Any CPU
		{48E00026-FCBF-46BE-983A-505E594B0E27}.Ad-Hoc|iPhone.ActiveCfg = Release|Any CPU
		{48E00026-FCBF-46BE-983A-505E594B0E27}.Ad-Hoc|iPhone.Build.0 = Release|Any CPU
		{48E00026-FCBF-46BE-983A-505E594B0E27}.Ad-Hoc|iPhone.Deploy.0 = Release|Any CPU
		{48E00026-FCBF-46BE-983A-505E594B0E27}.Ad-Hoc|iPhoneSimulator.ActiveCfg = Release|Any CPU
		{48E00026-FCBF-46BE-983A-505E594B0E27}.Ad-Hoc|iPhoneSimulator.Build.0 = Release|Any CPU
		{48E00026-FCBF-46BE-983A-505E594B0E27}.Ad-Hoc|iPhoneSimulator.Deploy.0 = Release|Any CPU
		{48E00026-FCBF-46BE-983A-505E594B0E27}.AppStore|Any CPU.ActiveCfg = Release|Any CPU
		{48E00026-FCBF-46BE-983A-505E594B0E27}.AppStore|Any CPU.Build.0 = Release|Any CPU
		{48E00026-FCBF-46BE-983A-505E594B0E27}.AppStore|Any CPU.Deploy.0 = Release|Any CPU
		{48E00026-FCBF-46BE-983A-505E594B0E27}.AppStore|iPhone.ActiveCfg = Release|Any CPU
		{48E00026-FCBF-46BE-983A-505E594B0E27}.AppStore|iPhone.Build.0 = Release|Any CPU
		{48E00026-FCBF-46BE-983A-505E594B0E27}.AppStore|iPhone.Deploy.0 = Release|Any CPU
		{48E00026-FCBF-46BE-983A-505E594B0E27}.AppStore|iPhoneSimulator.ActiveCfg = Release|Any CPU
		{48E00026-FCBF-46BE-983A-505E594B0E27}.AppStore|iPhoneSimulator.Build.0 = Release|Any CPU
		{48E00026-FCBF-46BE-983A-505E594B0E27}.AppStore|iPhoneSimulator.Deploy.0 = Release|Any CPU
		{48E00026-FCBF-46BE-983A-505E594B0E27}.Debug|Any CPU.ActiveCfg = Debug|Any CPU
		{48E00026-FCBF-46BE-983A-505E594B0E27}.Debug|Any CPU.Build.0 = Debug|Any CPU
		{48E00026-FCBF-46BE-983A-505E594B0E27}.Debug|Any CPU.Deploy.0 = Debug|Any CPU
		{48E00026-FCBF-46BE-983A-505E594B0E27}.Debug|iPhone.ActiveCfg = Debug|Any CPU
		{48E00026-FCBF-46BE-983A-505E594B0E27}.Debug|iPhone.Build.0 = Debug|Any CPU
		{48E00026-FCBF-46BE-983A-505E594B0E27}.Debug|iPhone.Deploy.0 = Debug|Any CPU
		{48E00026-FCBF-46BE-983A-505E594B0E27}.Debug|iPhoneSimulator.ActiveCfg = Debug|Any CPU
		{48E00026-FCBF-46BE-983A-505E594B0E27}.Debug|iPhoneSimulator.Build.0 = Debug|Any CPU
		{48E00026-FCBF-46BE-983A-505E594B0E27}.Debug|iPhoneSimulator.Deploy.0 = Debug|Any CPU
		{48E00026-FCBF-46BE-983A-505E594B0E27}.Release|Any CPU.ActiveCfg = Release|Any CPU
		{48E00026-FCBF-46BE-983A-505E594B0E27}.Release|Any CPU.Build.0 = Release|Any CPU
		{48E00026-FCBF-46BE-983A-505E594B0E27}.Release|Any CPU.Deploy.0 = Release|Any CPU
		{48E00026-FCBF-46BE-983A-505E594B0E27}.Release|iPhone.ActiveCfg = Release|Any CPU
		{48E00026-FCBF-46BE-983A-505E594B0E27}.Release|iPhone.Build.0 = Release|Any CPU
		{48E00026-FCBF-46BE-983A-505E594B0E27}.Release|iPhone.Deploy.0 = Release|Any CPU
		{48E00026-FCBF-46BE-983A-505E594B0E27}.Release|iPhoneSimulator.ActiveCfg = Release|Any CPU
		{48E00026-FCBF-46BE-983A-505E594B0E27}.Release|iPhoneSimulator.Build.0 = Release|Any CPU
		{48E00026-FCBF-46BE-983A-505E594B0E27}.Release|iPhoneSimulator.Deploy.0 = Release|Any CPU
		{BD4AB758-75AF-4AFC-83C5-082C60DEC2EF}.Ad-Hoc|Any CPU.ActiveCfg = Ad-Hoc|iPhone
		{BD4AB758-75AF-4AFC-83C5-082C60DEC2EF}.Ad-Hoc|Any CPU.Build.0 = Ad-Hoc|iPhone
		{BD4AB758-75AF-4AFC-83C5-082C60DEC2EF}.Ad-Hoc|Any CPU.Deploy.0 = Ad-Hoc|iPhone
		{BD4AB758-75AF-4AFC-83C5-082C60DEC2EF}.Ad-Hoc|iPhone.ActiveCfg = Ad-Hoc|iPhone
		{BD4AB758-75AF-4AFC-83C5-082C60DEC2EF}.Ad-Hoc|iPhone.Build.0 = Ad-Hoc|iPhone
		{BD4AB758-75AF-4AFC-83C5-082C60DEC2EF}.Ad-Hoc|iPhone.Deploy.0 = Ad-Hoc|iPhone
		{BD4AB758-75AF-4AFC-83C5-082C60DEC2EF}.Ad-Hoc|iPhoneSimulator.ActiveCfg = Ad-Hoc|iPhoneSimulator
		{BD4AB758-75AF-4AFC-83C5-082C60DEC2EF}.Ad-Hoc|iPhoneSimulator.Build.0 = Ad-Hoc|iPhoneSimulator
		{BD4AB758-75AF-4AFC-83C5-082C60DEC2EF}.Ad-Hoc|iPhoneSimulator.Deploy.0 = Ad-Hoc|iPhoneSimulator
		{BD4AB758-75AF-4AFC-83C5-082C60DEC2EF}.AppStore|Any CPU.ActiveCfg = AppStore|iPhone
		{BD4AB758-75AF-4AFC-83C5-082C60DEC2EF}.AppStore|Any CPU.Build.0 = AppStore|iPhone
		{BD4AB758-75AF-4AFC-83C5-082C60DEC2EF}.AppStore|Any CPU.Deploy.0 = AppStore|iPhone
		{BD4AB758-75AF-4AFC-83C5-082C60DEC2EF}.AppStore|iPhone.ActiveCfg = AppStore|iPhone
		{BD4AB758-75AF-4AFC-83C5-082C60DEC2EF}.AppStore|iPhone.Build.0 = AppStore|iPhone
		{BD4AB758-75AF-4AFC-83C5-082C60DEC2EF}.AppStore|iPhone.Deploy.0 = AppStore|iPhone
		{BD4AB758-75AF-4AFC-83C5-082C60DEC2EF}.AppStore|iPhoneSimulator.ActiveCfg = AppStore|iPhoneSimulator
		{BD4AB758-75AF-4AFC-83C5-082C60DEC2EF}.AppStore|iPhoneSimulator.Build.0 = AppStore|iPhoneSimulator
		{BD4AB758-75AF-4AFC-83C5-082C60DEC2EF}.AppStore|iPhoneSimulator.Deploy.0 = AppStore|iPhoneSimulator
		{BD4AB758-75AF-4AFC-83C5-082C60DEC2EF}.Debug|Any CPU.ActiveCfg = Debug|iPhoneSimulator
		{BD4AB758-75AF-4AFC-83C5-082C60DEC2EF}.Debug|Any CPU.Build.0 = Debug|iPhoneSimulator
		{BD4AB758-75AF-4AFC-83C5-082C60DEC2EF}.Debug|Any CPU.Deploy.0 = Debug|iPhoneSimulator
		{BD4AB758-75AF-4AFC-83C5-082C60DEC2EF}.Debug|iPhone.ActiveCfg = Debug|iPhone
		{BD4AB758-75AF-4AFC-83C5-082C60DEC2EF}.Debug|iPhone.Build.0 = Debug|iPhone
		{BD4AB758-75AF-4AFC-83C5-082C60DEC2EF}.Debug|iPhone.Deploy.0 = Debug|iPhone
		{BD4AB758-75AF-4AFC-83C5-082C60DEC2EF}.Debug|iPhoneSimulator.ActiveCfg = Debug|iPhoneSimulator
		{BD4AB758-75AF-4AFC-83C5-082C60DEC2EF}.Debug|iPhoneSimulator.Build.0 = Debug|iPhoneSimulator
		{BD4AB758-75AF-4AFC-83C5-082C60DEC2EF}.Debug|iPhoneSimulator.Deploy.0 = Debug|iPhoneSimulator
		{BD4AB758-75AF-4AFC-83C5-082C60DEC2EF}.Release|Any CPU.ActiveCfg = Release|iPhone
		{BD4AB758-75AF-4AFC-83C5-082C60DEC2EF}.Release|Any CPU.Build.0 = Release|iPhone
		{BD4AB758-75AF-4AFC-83C5-082C60DEC2EF}.Release|Any CPU.Deploy.0 = Release|iPhone
		{BD4AB758-75AF-4AFC-83C5-082C60DEC2EF}.Release|iPhone.ActiveCfg = Release|iPhone
		{BD4AB758-75AF-4AFC-83C5-082C60DEC2EF}.Release|iPhone.Build.0 = Release|iPhone
		{BD4AB758-75AF-4AFC-83C5-082C60DEC2EF}.Release|iPhone.Deploy.0 = Release|iPhone
		{BD4AB758-75AF-4AFC-83C5-082C60DEC2EF}.Release|iPhoneSimulator.ActiveCfg = Release|iPhoneSimulator
		{BD4AB758-75AF-4AFC-83C5-082C60DEC2EF}.Release|iPhoneSimulator.Build.0 = Release|iPhoneSimulator
		{BD4AB758-75AF-4AFC-83C5-082C60DEC2EF}.Release|iPhoneSimulator.Deploy.0 = Release|iPhoneSimulator
		{A8616392-2341-47FF-88A3-35D1DC5A805C}.Ad-Hoc|Any CPU.ActiveCfg = Debug|Any CPU
		{A8616392-2341-47FF-88A3-35D1DC5A805C}.Ad-Hoc|Any CPU.Build.0 = Debug|Any CPU
		{A8616392-2341-47FF-88A3-35D1DC5A805C}.Ad-Hoc|Any CPU.Deploy.0 = Debug|Any CPU
		{A8616392-2341-47FF-88A3-35D1DC5A805C}.Ad-Hoc|iPhone.ActiveCfg = Debug|Any CPU
		{A8616392-2341-47FF-88A3-35D1DC5A805C}.Ad-Hoc|iPhone.Build.0 = Debug|Any CPU
		{A8616392-2341-47FF-88A3-35D1DC5A805C}.Ad-Hoc|iPhone.Deploy.0 = Debug|Any CPU
		{A8616392-2341-47FF-88A3-35D1DC5A805C}.Ad-Hoc|iPhoneSimulator.ActiveCfg = Debug|Any CPU
		{A8616392-2341-47FF-88A3-35D1DC5A805C}.Ad-Hoc|iPhoneSimulator.Build.0 = Debug|Any CPU
		{A8616392-2341-47FF-88A3-35D1DC5A805C}.Ad-Hoc|iPhoneSimulator.Deploy.0 = Debug|Any CPU
		{A8616392-2341-47FF-88A3-35D1DC5A805C}.AppStore|Any CPU.ActiveCfg = Debug|Any CPU
		{A8616392-2341-47FF-88A3-35D1DC5A805C}.AppStore|Any CPU.Build.0 = Debug|Any CPU
		{A8616392-2341-47FF-88A3-35D1DC5A805C}.AppStore|Any CPU.Deploy.0 = Debug|Any CPU
		{A8616392-2341-47FF-88A3-35D1DC5A805C}.AppStore|iPhone.ActiveCfg = Debug|Any CPU
		{A8616392-2341-47FF-88A3-35D1DC5A805C}.AppStore|iPhone.Build.0 = Debug|Any CPU
		{A8616392-2341-47FF-88A3-35D1DC5A805C}.AppStore|iPhone.Deploy.0 = Debug|Any CPU
		{A8616392-2341-47FF-88A3-35D1DC5A805C}.AppStore|iPhoneSimulator.ActiveCfg = Debug|Any CPU
		{A8616392-2341-47FF-88A3-35D1DC5A805C}.AppStore|iPhoneSimulator.Build.0 = Debug|Any CPU
		{A8616392-2341-47FF-88A3-35D1DC5A805C}.AppStore|iPhoneSimulator.Deploy.0 = Debug|Any CPU
		{A8616392-2341-47FF-88A3-35D1DC5A805C}.Debug|Any CPU.ActiveCfg = Debug|Any CPU
		{A8616392-2341-47FF-88A3-35D1DC5A805C}.Debug|Any CPU.Build.0 = Debug|Any CPU
		{A8616392-2341-47FF-88A3-35D1DC5A805C}.Debug|Any CPU.Deploy.0 = Debug|Any CPU
		{A8616392-2341-47FF-88A3-35D1DC5A805C}.Debug|iPhone.ActiveCfg = Debug|Any CPU
		{A8616392-2341-47FF-88A3-35D1DC5A805C}.Debug|iPhone.Build.0 = Debug|Any CPU
		{A8616392-2341-47FF-88A3-35D1DC5A805C}.Debug|iPhone.Deploy.0 = Debug|Any CPU
		{A8616392-2341-47FF-88A3-35D1DC5A805C}.Debug|iPhoneSimulator.ActiveCfg = Debug|Any CPU
		{A8616392-2341-47FF-88A3-35D1DC5A805C}.Debug|iPhoneSimulator.Build.0 = Debug|Any CPU
		{A8616392-2341-47FF-88A3-35D1DC5A805C}.Debug|iPhoneSimulator.Deploy.0 = Debug|Any CPU
		{A8616392-2341-47FF-88A3-35D1DC5A805C}.Release|Any CPU.ActiveCfg = Release|Any CPU
		{A8616392-2341-47FF-88A3-35D1DC5A805C}.Release|Any CPU.Build.0 = Release|Any CPU
		{A8616392-2341-47FF-88A3-35D1DC5A805C}.Release|Any CPU.Deploy.0 = Release|Any CPU
		{A8616392-2341-47FF-88A3-35D1DC5A805C}.Release|iPhone.ActiveCfg = Release|Any CPU
		{A8616392-2341-47FF-88A3-35D1DC5A805C}.Release|iPhone.Build.0 = Release|Any CPU
		{A8616392-2341-47FF-88A3-35D1DC5A805C}.Release|iPhone.Deploy.0 = Release|Any CPU
		{A8616392-2341-47FF-88A3-35D1DC5A805C}.Release|iPhoneSimulator.ActiveCfg = Release|Any CPU
		{A8616392-2341-47FF-88A3-35D1DC5A805C}.Release|iPhoneSimulator.Build.0 = Release|Any CPU
		{A8616392-2341-47FF-88A3-35D1DC5A805C}.Release|iPhoneSimulator.Deploy.0 = Release|Any CPU
	EndGlobalSection
	GlobalSection(SolutionProperties) = preSolution
		HideSolutionNode = FALSE
	EndGlobalSection
	GlobalSection(ExtensibilityGlobals) = postSolution
		SolutionGuid = {1BE864FF-A36B-4122-A88A-0D73A432097A}
	EndGlobalSection
EndGlobal
